// !$*UTF8*$!
{
	archiveVersion = 1;
	classes = {
	};
	objectVersion = 56;
	objects = {

/* Begin PBXBuildFile section */
		749B42C22C1F7D27007C1858 /* POC___CoordinatorApp.swift in Sources */ = {isa = PBXBuildFile; fileRef = 749B42C12C1F7D27007C1858 /* POC___CoordinatorApp.swift */; };
		749B42C42C1F7D27007C1858 /* ContentView.swift in Sources */ = {isa = PBXBuildFile; fileRef = 749B42C32C1F7D27007C1858 /* ContentView.swift */; };
		749B42C62C1F7D28007C1858 /* Assets.xcassets in Resources */ = {isa = PBXBuildFile; fileRef = 749B42C52C1F7D28007C1858 /* Assets.xcassets */; };
		749B42C92C1F7D28007C1858 /* Preview Assets.xcassets in Resources */ = {isa = PBXBuildFile; fileRef = 749B42C82C1F7D28007C1858 /* Preview Assets.xcassets */; };
		749B42D32C1F7EB4007C1858 /* CoordinatorManager.swift in Sources */ = {isa = PBXBuildFile; fileRef = 749B42D22C1F7EB4007C1858 /* CoordinatorManager.swift */; };
		749B42D92C1F8177007C1858 /* HomeView.swift in Sources */ = {isa = PBXBuildFile; fileRef = 749B42D82C1F8177007C1858 /* HomeView.swift */; };
		749B42DB2C1F81AA007C1858 /* ProfileView.swift in Sources */ = {isa = PBXBuildFile; fileRef = 749B42DA2C1F81AA007C1858 /* ProfileView.swift */; };
		749B42DD2C1F81BE007C1858 /* MessageView.swift in Sources */ = {isa = PBXBuildFile; fileRef = 749B42DC2C1F81BE007C1858 /* MessageView.swift */; };
		749B42DF2C1F81C5007C1858 /* ParametersView.swift in Sources */ = {isa = PBXBuildFile; fileRef = 749B42DE2C1F81C5007C1858 /* ParametersView.swift */; };
		749B42E22C1F826D007C1858 /* NewsView.swift in Sources */ = {isa = PBXBuildFile; fileRef = 749B42E12C1F826D007C1858 /* NewsView.swift */; };
		749B42E62C1F82A3007C1858 /* RecommendationView.swift in Sources */ = {isa = PBXBuildFile; fileRef = 749B42E52C1F82A3007C1858 /* RecommendationView.swift */; };
		749B42EB2C1F82D7007C1858 /* InformationView.swift in Sources */ = {isa = PBXBuildFile; fileRef = 749B42EA2C1F82D7007C1858 /* InformationView.swift */; };
		749B42ED2C1F82E3007C1858 /* HistoryView.swift in Sources */ = {isa = PBXBuildFile; fileRef = 749B42EC2C1F82E3007C1858 /* HistoryView.swift */; };
		749B42EF2C1F82EC007C1858 /* LastChatsView.swift in Sources */ = {isa = PBXBuildFile; fileRef = 749B42EE2C1F82EC007C1858 /* LastChatsView.swift */; };
		749B42F32C1F82FF007C1858 /* ContactView.swift in Sources */ = {isa = PBXBuildFile; fileRef = 749B42F22C1F82FF007C1858 /* ContactView.swift */; };
		749B42F52C1F8310007C1858 /* DisplayPreferencesView.swift in Sources */ = {isa = PBXBuildFile; fileRef = 749B42F42C1F8310007C1858 /* DisplayPreferencesView.swift */; };
		749B42F72C1F8318007C1858 /* NotificationView.swift in Sources */ = {isa = PBXBuildFile; fileRef = 749B42F62C1F8318007C1858 /* NotificationView.swift */; };
		749B42F92C1F8361007C1858 /* NewPostView.swift in Sources */ = {isa = PBXBuildFile; fileRef = 749B42F82C1F8361007C1858 /* NewPostView.swift */; };
/* End PBXBuildFile section */

/* Begin PBXFileReference section */
		749B42BE2C1F7D27007C1858 /* POC - Coordinator.app */ = {isa = PBXFileReference; explicitFileType = wrapper.application; includeInIndex = 0; path = "POC - Coordinator.app"; sourceTree = BUILT_PRODUCTS_DIR; };
		749B42C12C1F7D27007C1858 /* POC___CoordinatorApp.swift */ = {isa = PBXFileReference; lastKnownFileType = sourcecode.swift; path = "POC___CoordinatorApp.swift"; sourceTree = "<group>"; };
		749B42C32C1F7D27007C1858 /* ContentView.swift */ = {isa = PBXFileReference; lastKnownFileType = sourcecode.swift; path = ContentView.swift; sourceTree = "<group>"; };
		749B42C52C1F7D28007C1858 /* Assets.xcassets */ = {isa = PBXFileReference; lastKnownFileType = folder.assetcatalog; path = Assets.xcassets; sourceTree = "<group>"; };
		749B42C82C1F7D28007C1858 /* Preview Assets.xcassets */ = {isa = PBXFileReference; lastKnownFileType = folder.assetcatalog; path = "Preview Assets.xcassets"; sourceTree = "<group>"; };
		749B42D22C1F7EB4007C1858 /* CoordinatorManager.swift */ = {isa = PBXFileReference; lastKnownFileType = sourcecode.swift; path = CoordinatorManager.swift; sourceTree = "<group>"; };
		749B42D82C1F8177007C1858 /* HomeView.swift */ = {isa = PBXFileReference; lastKnownFileType = sourcecode.swift; path = HomeView.swift; sourceTree = "<group>"; };
		749B42DA2C1F81AA007C1858 /* ProfileView.swift */ = {isa = PBXFileReference; lastKnownFileType = sourcecode.swift; path = ProfileView.swift; sourceTree = "<group>"; };
		749B42DC2C1F81BE007C1858 /* MessageView.swift */ = {isa = PBXFileReference; lastKnownFileType = sourcecode.swift; path = MessageView.swift; sourceTree = "<group>"; };
		749B42DE2C1F81C5007C1858 /* ParametersView.swift */ = {isa = PBXFileReference; lastKnownFileType = sourcecode.swift; path = ParametersView.swift; sourceTree = "<group>"; };
		749B42E12C1F826D007C1858 /* NewsView.swift */ = {isa = PBXFileReference; lastKnownFileType = sourcecode.swift; path = NewsView.swift; sourceTree = "<group>"; };
		749B42E52C1F82A3007C1858 /* RecommendationView.swift */ = {isa = PBXFileReference; lastKnownFileType = sourcecode.swift; path = RecommendationView.swift; sourceTree = "<group>"; };
		749B42EA2C1F82D7007C1858 /* InformationView.swift */ = {isa = PBXFileReference; lastKnownFileType = sourcecode.swift; path = InformationView.swift; sourceTree = "<group>"; };
		749B42EC2C1F82E3007C1858 /* HistoryView.swift */ = {isa = PBXFileReference; lastKnownFileType = sourcecode.swift; path = HistoryView.swift; sourceTree = "<group>"; };
		749B42EE2C1F82EC007C1858 /* LastChatsView.swift */ = {isa = PBXFileReference; lastKnownFileType = sourcecode.swift; path = LastChatsView.swift; sourceTree = "<group>"; };
		749B42F22C1F82FF007C1858 /* ContactView.swift */ = {isa = PBXFileReference; lastKnownFileType = sourcecode.swift; path = ContactView.swift; sourceTree = "<group>"; };
		749B42F42C1F8310007C1858 /* DisplayPreferencesView.swift */ = {isa = PBXFileReference; lastKnownFileType = sourcecode.swift; path = DisplayPreferencesView.swift; sourceTree = "<group>"; };
		749B42F62C1F8318007C1858 /* NotificationView.swift */ = {isa = PBXFileReference; lastKnownFileType = sourcecode.swift; path = NotificationView.swift; sourceTree = "<group>"; };
		749B42F82C1F8361007C1858 /* NewPostView.swift */ = {isa = PBXFileReference; lastKnownFileType = sourcecode.swift; path = NewPostView.swift; sourceTree = "<group>"; };
/* End PBXFileReference section */

/* Begin PBXFrameworksBuildPhase section */
		749B42BB2C1F7D27007C1858 /* Frameworks */ = {
			isa = PBXFrameworksBuildPhase;
			buildActionMask = 2147483647;
			files = (
			);
			runOnlyForDeploymentPostprocessing = 0;
		};
/* End PBXFrameworksBuildPhase section */

/* Begin PBXGroup section */
		749B42B52C1F7D27007C1858 = {
			isa = PBXGroup;
			children = (
				749B42C02C1F7D27007C1858 /* POC - Coordinator */,
				749B42BF2C1F7D27007C1858 /* Products */,
			);
			sourceTree = "<group>";
		};
		749B42BF2C1F7D27007C1858 /* Products */ = {
			isa = PBXGroup;
			children = (
				749B42BE2C1F7D27007C1858 /* POC - Coordinator.app */,
			);
			name = Products;
			sourceTree = "<group>";
		};
		749B42C02C1F7D27007C1858 /* POC - Coordinator */ = {
			isa = PBXGroup;
			children = (
				749B42D02C1F7E6E007C1858 /* ApplicationLifeCycle */,
				749B42CF2C1F7E64007C1858 /* Manager */,
				749B42D12C1F7E7C007C1858 /* View */,
				749B42C52C1F7D28007C1858 /* Assets.xcassets */,
				749B42C72C1F7D28007C1858 /* Preview Content */,
			);
			path = "POC - Coordinator";
			sourceTree = "<group>";
		};
		749B42C72C1F7D28007C1858 /* Preview Content */ = {
			isa = PBXGroup;
			children = (
				749B42C82C1F7D28007C1858 /* Preview Assets.xcassets */,
			);
			path = "Preview Content";
			sourceTree = "<group>";
		};
		749B42CF2C1F7E64007C1858 /* Manager */ = {
			isa = PBXGroup;
			children = (
				749B42D22C1F7EB4007C1858 /* CoordinatorManager.swift */,
			);
			path = Manager;
			sourceTree = "<group>";
		};
		749B42D02C1F7E6E007C1858 /* ApplicationLifeCycle */ = {
			isa = PBXGroup;
			children = (
				749B42C12C1F7D27007C1858 /* POC___CoordinatorApp.swift */,
			);
			path = ApplicationLifeCycle;
			sourceTree = "<group>";
		};
		749B42D12C1F7E7C007C1858 /* View */ = {
			isa = PBXGroup;
			children = (
				749B42D42C1F8128007C1858 /* Home */,
				749B42D52C1F812F007C1858 /* Profil */,
				749B42D62C1F8134007C1858 /* Message */,
				749B42D72C1F813B007C1858 /* Parameters */,
				749B42C32C1F7D27007C1858 /* ContentView.swift */,
			);
			path = View;
			sourceTree = "<group>";
		};
		749B42D42C1F8128007C1858 /* Home */ = {
			isa = PBXGroup;
			children = (
				749B42D82C1F8177007C1858 /* HomeView.swift */,
				749B42E02C1F8252007C1858 /* SubView */,
			);
			path = Home;
			sourceTree = "<group>";
		};
		749B42D52C1F812F007C1858 /* Profil */ = {
			isa = PBXGroup;
			children = (
				749B42DA2C1F81AA007C1858 /* ProfileView.swift */,
				749B42E72C1F82B1007C1858 /* SubView */,
			);
			path = Profil;
			sourceTree = "<group>";
		};
		749B42D62C1F8134007C1858 /* Message */ = {
			isa = PBXGroup;
			children = (
				749B42DC2C1F81BE007C1858 /* MessageView.swift */,
				749B42E82C1F82BD007C1858 /* SubView */,
			);
			path = Message;
			sourceTree = "<group>";
		};
		749B42D72C1F813B007C1858 /* Parameters */ = {
			isa = PBXGroup;
			children = (
				749B42DE2C1F81C5007C1858 /* ParametersView.swift */,
				749B42E92C1F82C0007C1858 /* SubView */,
			);
			path = Parameters;
			sourceTree = "<group>";
		};
		749B42E02C1F8252007C1858 /* SubView */ = {
			isa = PBXGroup;
			children = (
				749B42E12C1F826D007C1858 /* NewsView.swift */,
				749B42E52C1F82A3007C1858 /* RecommendationView.swift */,
				749B42F82C1F8361007C1858 /* NewPostView.swift */,
			);
			path = SubView;
			sourceTree = "<group>";
		};
		749B42E72C1F82B1007C1858 /* SubView */ = {
			isa = PBXGroup;
			children = (
				749B42EA2C1F82D7007C1858 /* InformationView.swift */,
				749B42EC2C1F82E3007C1858 /* HistoryView.swift */,
			);
			path = SubView;
			sourceTree = "<group>";
		};
		749B42E82C1F82BD007C1858 /* SubView */ = {
			isa = PBXGroup;
			children = (
				749B42EE2C1F82EC007C1858 /* LastChatsView.swift */,
				749B42F22C1F82FF007C1858 /* ContactView.swift */,
			);
			path = SubView;
			sourceTree = "<group>";
		};
		749B42E92C1F82C0007C1858 /* SubView */ = {
			isa = PBXGroup;
			children = (
				749B42F42C1F8310007C1858 /* DisplayPreferencesView.swift */,
				749B42F62C1F8318007C1858 /* NotificationView.swift */,
			);
			path = SubView;
			sourceTree = "<group>";
		};
/* End PBXGroup section */

/* Begin PBXNativeTarget section */
		749B42BD2C1F7D27007C1858 /* POC - Coordinator */ = {
			isa = PBXNativeTarget;
			buildConfigurationList = 749B42CC2C1F7D28007C1858 /* Build configuration list for PBXNativeTarget "POC - Coordinator" */;
			buildPhases = (
				749B42BA2C1F7D27007C1858 /* Sources */,
				749B42BB2C1F7D27007C1858 /* Frameworks */,
				749B42BC2C1F7D27007C1858 /* Resources */,
			);
			buildRules = (
			);
			dependencies = (
			);
			name = "POC - Coordinator";
			productName = "POC - Coordinator";
			productReference = 749B42BE2C1F7D27007C1858 /* POC - Coordinator.app */;
			productType = "com.apple.product-type.application";
		};
/* End PBXNativeTarget section */

/* Begin PBXProject section */
		749B42B62C1F7D27007C1858 /* Project object */ = {
			isa = PBXProject;
			attributes = {
				BuildIndependentTargetsInParallel = 1;
				LastSwiftUpdateCheck = 1540;
				LastUpgradeCheck = 1540;
				TargetAttributes = {
					749B42BD2C1F7D27007C1858 = {
						CreatedOnToolsVersion = 15.4;
					};
				};
			};
			buildConfigurationList = 749B42B92C1F7D27007C1858 /* Build configuration list for PBXProject "POC - Coordinator" */;
			compatibilityVersion = "Xcode 14.0";
			developmentRegion = en;
			hasScannedForEncodings = 0;
			knownRegions = (
				en,
				Base,
			);
			mainGroup = 749B42B52C1F7D27007C1858;
			productRefGroup = 749B42BF2C1F7D27007C1858 /* Products */;
			projectDirPath = "";
			projectRoot = "";
			targets = (
				749B42BD2C1F7D27007C1858 /* POC - Coordinator */,
			);
		};
/* End PBXProject section */

/* Begin PBXResourcesBuildPhase section */
		749B42BC2C1F7D27007C1858 /* Resources */ = {
			isa = PBXResourcesBuildPhase;
			buildActionMask = 2147483647;
			files = (
				749B42C92C1F7D28007C1858 /* Preview Assets.xcassets in Resources */,
				749B42C62C1F7D28007C1858 /* Assets.xcassets in Resources */,
			);
			runOnlyForDeploymentPostprocessing = 0;
		};
/* End PBXResourcesBuildPhase section */

/* Begin PBXSourcesBuildPhase section */
		749B42BA2C1F7D27007C1858 /* Sources */ = {
			isa = PBXSourcesBuildPhase;
			buildActionMask = 2147483647;
			files = (
				749B42DD2C1F81BE007C1858 /* MessageView.swift in Sources */,
				749B42E22C1F826D007C1858 /* NewsView.swift in Sources */,
				749B42D32C1F7EB4007C1858 /* CoordinatorManager.swift in Sources */,
				749B42D92C1F8177007C1858 /* HomeView.swift in Sources */,
				749B42F32C1F82FF007C1858 /* ContactView.swift in Sources */,
				749B42EF2C1F82EC007C1858 /* LastChatsView.swift in Sources */,
				749B42DB2C1F81AA007C1858 /* ProfileView.swift in Sources */,
				749B42F92C1F8361007C1858 /* NewPostView.swift in Sources */,
				749B42ED2C1F82E3007C1858 /* HistoryView.swift in Sources */,
				749B42EB2C1F82D7007C1858 /* InformationView.swift in Sources */,
				749B42DF2C1F81C5007C1858 /* ParametersView.swift in Sources */,
				749B42C42C1F7D27007C1858 /* ContentView.swift in Sources */,
				749B42C22C1F7D27007C1858 /* POC___CoordinatorApp.swift in Sources */,
				749B42F52C1F8310007C1858 /* DisplayPreferencesView.swift in Sources */,
				749B42E62C1F82A3007C1858 /* RecommendationView.swift in Sources */,
				749B42F72C1F8318007C1858 /* NotificationView.swift in Sources */,
			);
			runOnlyForDeploymentPostprocessing = 0;
		};
/* End PBXSourcesBuildPhase section */

/* Begin XCBuildConfiguration section */
		749B42CA2C1F7D28007C1858 /* Debug */ = {
			isa = XCBuildConfiguration;
			buildSettings = {
				ALWAYS_SEARCH_USER_PATHS = NO;
				ASSETCATALOG_COMPILER_GENERATE_SWIFT_ASSET_SYMBOL_EXTENSIONS = YES;
				CLANG_ANALYZER_NONNULL = YES;
				CLANG_ANALYZER_NUMBER_OBJECT_CONVERSION = YES_AGGRESSIVE;
				CLANG_CXX_LANGUAGE_STANDARD = "gnu++20";
				CLANG_ENABLE_MODULES = YES;
				CLANG_ENABLE_OBJC_ARC = YES;
				CLANG_ENABLE_OBJC_WEAK = YES;
				CLANG_WARN_BLOCK_CAPTURE_AUTORELEASING = YES;
				CLANG_WARN_BOOL_CONVERSION = YES;
				CLANG_WARN_COMMA = YES;
				CLANG_WARN_CONSTANT_CONVERSION = YES;
				CLANG_WARN_DEPRECATED_OBJC_IMPLEMENTATIONS = YES;
				CLANG_WARN_DIRECT_OBJC_ISA_USAGE = YES_ERROR;
				CLANG_WARN_DOCUMENTATION_COMMENTS = YES;
				CLANG_WARN_EMPTY_BODY = YES;
				CLANG_WARN_ENUM_CONVERSION = YES;
				CLANG_WARN_INFINITE_RECURSION = YES;
				CLANG_WARN_INT_CONVERSION = YES;
				CLANG_WARN_NON_LITERAL_NULL_CONVERSION = YES;
				CLANG_WARN_OBJC_IMPLICIT_RETAIN_SELF = YES;
				CLANG_WARN_OBJC_LITERAL_CONVERSION = YES;
				CLANG_WARN_OBJC_ROOT_CLASS = YES_ERROR;
				CLANG_WARN_QUOTED_INCLUDE_IN_FRAMEWORK_HEADER = YES;
				CLANG_WARN_RANGE_LOOP_ANALYSIS = YES;
				CLANG_WARN_STRICT_PROTOTYPES = YES;
				CLANG_WARN_SUSPICIOUS_MOVE = YES;
				CLANG_WARN_UNGUARDED_AVAILABILITY = YES_AGGRESSIVE;
				CLANG_WARN_UNREACHABLE_CODE = YES;
				CLANG_WARN__DUPLICATE_METHOD_MATCH = YES;
				COPY_PHASE_STRIP = NO;
				DEBUG_INFORMATION_FORMAT = dwarf;
				ENABLE_STRICT_OBJC_MSGSEND = YES;
				ENABLE_TESTABILITY = YES;
				ENABLE_USER_SCRIPT_SANDBOXING = YES;
				GCC_C_LANGUAGE_STANDARD = gnu17;
				GCC_DYNAMIC_NO_PIC = NO;
				GCC_NO_COMMON_BLOCKS = YES;
				GCC_OPTIMIZATION_LEVEL = 0;
				GCC_PREPROCESSOR_DEFINITIONS = (
					"DEBUG=1",
					"$(inherited)",
				);
				GCC_WARN_64_TO_32_BIT_CONVERSION = YES;
				GCC_WARN_ABOUT_RETURN_TYPE = YES_ERROR;
				GCC_WARN_UNDECLARED_SELECTOR = YES;
				GCC_WARN_UNINITIALIZED_AUTOS = YES_AGGRESSIVE;
				GCC_WARN_UNUSED_FUNCTION = YES;
				GCC_WARN_UNUSED_VARIABLE = YES;
				IPHONEOS_DEPLOYMENT_TARGET = 17.5;
				LOCALIZATION_PREFERS_STRING_CATALOGS = YES;
				MTL_ENABLE_DEBUG_INFO = INCLUDE_SOURCE;
				MTL_FAST_MATH = YES;
				ONLY_ACTIVE_ARCH = YES;
				SDKROOT = iphoneos;
				SWIFT_ACTIVE_COMPILATION_CONDITIONS = "DEBUG $(inherited)";
				SWIFT_OPTIMIZATION_LEVEL = "-Onone";
			};
			name = Debug;
		};
		749B42CB2C1F7D28007C1858 /* Release */ = {
			isa = XCBuildConfiguration;
			buildSettings = {
				ALWAYS_SEARCH_USER_PATHS = NO;
				ASSETCATALOG_COMPILER_GENERATE_SWIFT_ASSET_SYMBOL_EXTENSIONS = YES;
				CLANG_ANALYZER_NONNULL = YES;
				CLANG_ANALYZER_NUMBER_OBJECT_CONVERSION = YES_AGGRESSIVE;
				CLANG_CXX_LANGUAGE_STANDARD = "gnu++20";
				CLANG_ENABLE_MODULES = YES;
				CLANG_ENABLE_OBJC_ARC = YES;
				CLANG_ENABLE_OBJC_WEAK = YES;
				CLANG_WARN_BLOCK_CAPTURE_AUTORELEASING = YES;
				CLANG_WARN_BOOL_CONVERSION = YES;
				CLANG_WARN_COMMA = YES;
				CLANG_WARN_CONSTANT_CONVERSION = YES;
				CLANG_WARN_DEPRECATED_OBJC_IMPLEMENTATIONS = YES;
				CLANG_WARN_DIRECT_OBJC_ISA_USAGE = YES_ERROR;
				CLANG_WARN_DOCUMENTATION_COMMENTS = YES;
				CLANG_WARN_EMPTY_BODY = YES;
				CLANG_WARN_ENUM_CONVERSION = YES;
				CLANG_WARN_INFINITE_RECURSION = YES;
				CLANG_WARN_INT_CONVERSION = YES;
				CLANG_WARN_NON_LITERAL_NULL_CONVERSION = YES;
				CLANG_WARN_OBJC_IMPLICIT_RETAIN_SELF = YES;
				CLANG_WARN_OBJC_LITERAL_CONVERSION = YES;
				CLANG_WARN_OBJC_ROOT_CLASS = YES_ERROR;
				CLANG_WARN_QUOTED_INCLUDE_IN_FRAMEWORK_HEADER = YES;
				CLANG_WARN_RANGE_LOOP_ANALYSIS = YES;
				CLANG_WARN_STRICT_PROTOTYPES = YES;
				CLANG_WARN_SUSPICIOUS_MOVE = YES;
				CLANG_WARN_UNGUARDED_AVAILABILITY = YES_AGGRESSIVE;
				CLANG_WARN_UNREACHABLE_CODE = YES;
				CLANG_WARN__DUPLICATE_METHOD_MATCH = YES;
				COPY_PHASE_STRIP = NO;
				DEBUG_INFORMATION_FORMAT = "dwarf-with-dsym";
				ENABLE_NS_ASSERTIONS = NO;
				ENABLE_STRICT_OBJC_MSGSEND = YES;
				ENABLE_USER_SCRIPT_SANDBOXING = YES;
				GCC_C_LANGUAGE_STANDARD = gnu17;
				GCC_NO_COMMON_BLOCKS = YES;
				GCC_WARN_64_TO_32_BIT_CONVERSION = YES;
				GCC_WARN_ABOUT_RETURN_TYPE = YES_ERROR;
				GCC_WARN_UNDECLARED_SELECTOR = YES;
				GCC_WARN_UNINITIALIZED_AUTOS = YES_AGGRESSIVE;
				GCC_WARN_UNUSED_FUNCTION = YES;
				GCC_WARN_UNUSED_VARIABLE = YES;
				IPHONEOS_DEPLOYMENT_TARGET = 17.5;
				LOCALIZATION_PREFERS_STRING_CATALOGS = YES;
				MTL_ENABLE_DEBUG_INFO = NO;
				MTL_FAST_MATH = YES;
				SDKROOT = iphoneos;
				SWIFT_COMPILATION_MODE = wholemodule;
				VALIDATE_PRODUCT = YES;
			};
			name = Release;
		};
		749B42CD2C1F7D28007C1858 /* Debug */ = {
			isa = XCBuildConfiguration;
			buildSettings = {
				ASSETCATALOG_COMPILER_APPICON_NAME = AppIcon;
				ASSETCATALOG_COMPILER_GLOBAL_ACCENT_COLOR_NAME = AccentColor;
				CODE_SIGN_STYLE = Automatic;
				CURRENT_PROJECT_VERSION = 1;
				DEVELOPMENT_ASSET_PATHS = "\"POC - Coordinator/Preview Content\"";
				DEVELOPMENT_TEAM = PQM28NC327;
				ENABLE_PREVIEWS = YES;
				GENERATE_INFOPLIST_FILE = YES;
				INFOPLIST_KEY_UIApplicationSceneManifest_Generation = YES;
				INFOPLIST_KEY_UIApplicationSupportsIndirectInputEvents = YES;
				INFOPLIST_KEY_UILaunchScreen_Generation = YES;
				INFOPLIST_KEY_UISupportedInterfaceOrientations_iPad = "UIInterfaceOrientationPortrait UIInterfaceOrientationPortraitUpsideDown UIInterfaceOrientationLandscapeLeft UIInterfaceOrientationLandscapeRight";
				INFOPLIST_KEY_UISupportedInterfaceOrientations_iPhone = "UIInterfaceOrientationPortrait UIInterfaceOrientationLandscapeLeft UIInterfaceOrientationLandscapeRight";
				LD_RUNPATH_SEARCH_PATHS = (
					"$(inherited)",
					"@executable_path/Frameworks",
				);
				MARKETING_VERSION = 1.0;
				PRODUCT_BUNDLE_IDENTIFIER = "com.fxm.POC---Coordinator";
				PRODUCT_NAME = "$(TARGET_NAME)";
				SWIFT_EMIT_LOC_STRINGS = YES;
				SWIFT_VERSION = 5.0;
				TARGETED_DEVICE_FAMILY = "1,2";
			};
			name = Debug;
		};
		749B42CE2C1F7D28007C1858 /* Release */ = {
			isa = XCBuildConfiguration;
			buildSettings = {
				ASSETCATALOG_COMPILER_APPICON_NAME = AppIcon;
				ASSETCATALOG_COMPILER_GLOBAL_ACCENT_COLOR_NAME = AccentColor;
				CODE_SIGN_STYLE = Automatic;
				CURRENT_PROJECT_VERSION = 1;
				DEVELOPMENT_ASSET_PATHS = "\"POC - Coordinator/Preview Content\"";
				DEVELOPMENT_TEAM = PQM28NC327;
				ENABLE_PREVIEWS = YES;
				GENERATE_INFOPLIST_FILE = YES;
				INFOPLIST_KEY_UIApplicationSceneManifest_Generation = YES;
				INFOPLIST_KEY_UIApplicationSupportsIndirectInputEvents = YES;
				INFOPLIST_KEY_UILaunchScreen_Generation = YES;
				INFOPLIST_KEY_UISupportedInterfaceOrientations_iPad = "UIInterfaceOrientationPortrait UIInterfaceOrientationPortraitUpsideDown UIInterfaceOrientationLandscapeLeft UIInterfaceOrientationLandscapeRight";
				INFOPLIST_KEY_UISupportedInterfaceOrientations_iPhone = "UIInterfaceOrientationPortrait UIInterfaceOrientationLandscapeLeft UIInterfaceOrientationLandscapeRight";
				LD_RUNPATH_SEARCH_PATHS = (
					"$(inherited)",
					"@executable_path/Frameworks",
				);
				MARKETING_VERSION = 1.0;
				PRODUCT_BUNDLE_IDENTIFIER = "com.fxm.POC---Coordinator";
				PRODUCT_NAME = "$(TARGET_NAME)";
				SWIFT_EMIT_LOC_STRINGS = YES;
				SWIFT_VERSION = 5.0;
				TARGETED_DEVICE_FAMILY = "1,2";
			};
			name = Release;
		};
/* End XCBuildConfiguration section */

/* Begin XCConfigurationList section */
		749B42B92C1F7D27007C1858 /* Build configuration list for PBXProject "POC - Coordinator" */ = {
			isa = XCConfigurationList;
			buildConfigurations = (
				749B42CA2C1F7D28007C1858 /* Debug */,
				749B42CB2C1F7D28007C1858 /* Release */,
			);
			defaultConfigurationIsVisible = 0;
			defaultConfigurationName = Release;
		};
		749B42CC2C1F7D28007C1858 /* Build configuration list for PBXNativeTarget "POC - Coordinator" */ = {
			isa = XCConfigurationList;
			buildConfigurations = (
				749B42CD2C1F7D28007C1858 /* Debug */,
				749B42CE2C1F7D28007C1858 /* Release */,
			);
			defaultConfigurationIsVisible = 0;
			defaultConfigurationName = Release;
		};
/* End XCConfigurationList section */
	};
	rootObject = 749B42B62C1F7D27007C1858 /* Project object */;
}
